
Microsoft Visual Studio Solution File, Format Version 12.00
# Visual Studio Version 17
VisualStudioVersion = 17.5.33530.505
MinimumVisualStudioVersion = 10.0.40219.1
Project("{FAE04EC0-301F-11D3-BF4B-00C04F79EFBC}") = "JobPostSearch.Engine", "JobPostSearch.Engine.csproj", "{769D9E8C-9166-47EF-B84C-A3C1491051FD}"
EndProject
Project("{FAE04EC0-301F-11D3-BF4B-00C04F79EFBC}") = "JobPostSearch.Tests", "..\JobPostSearch.Tests\JobPostSearch.Tests.csproj", "{BE8520A6-90E5-4068-898D-E503A01E5B3B}"
EndProject
Global
	GlobalSection(SolutionConfigurationPlatforms) = preSolution
		Debug|Any CPU = Debug|Any CPU
		Release|Any CPU = Release|Any CPU
	EndGlobalSection
	GlobalSection(ProjectConfigurationPlatforms) = postSolution
		{769D9E8C-9166-47EF-B84C-A3C1491051FD}.Debug|Any CPU.ActiveCfg = Debug|Any CPU
		{769D9E8C-9166-47EF-B84C-A3C1491051FD}.Debug|Any CPU.Build.0 = Debug|Any CPU
		{769D9E8C-9166-47EF-B84C-A3C1491051FD}.Release|Any CPU.ActiveCfg = Release|Any CPU
		{769D9E8C-9166-47EF-B84C-A3C1491051FD}.Release|Any CPU.Build.0 = Release|Any CPU
		{BE8520A6-90E5-4068-898D-E503A01E5B3B}.Debug|Any CPU.ActiveCfg = Debug|Any CPU
		{BE8520A6-90E5-4068-898D-E503A01E5B3B}.Debug|Any CPU.Build.0 = Debug|Any CPU
		{BE8520A6-90E5-4068-898D-E503A01E5B3B}.Release|Any CPU.ActiveCfg = Release|Any CPU
		{BE8520A6-90E5-4068-898D-E503A01E5B3B}.Release|Any CPU.Build.0 = Release|Any CPU
	EndGlobalSection
	GlobalSection(SolutionProperties) = preSolution
		HideSolutionNode = FALSE
	EndGlobalSection
	GlobalSection(ExtensibilityGlobals) = postSolution
		SolutionGuid = {85C842E5-BFA4-48A1-ABE7-DEAB35A1F10B}
	EndGlobalSection
EndGlobal
